<?xml version="1.0" encoding="utf-8"?>
<Project ToolsVersion="4.0" xmlns="http://schemas.microsoft.com/developer/msbuild/2003">
  <ItemGroup>
    <Filter Include="소스 파일">
      <UniqueIdentifier>{4FC737F1-C7A5-4376-A066-2A32D752A2FF}</UniqueIdentifier>
      <Extensions>cpp;c;cc;cxx;c++;def;odl;idl;hpj;bat;asm;asmx</Extensions>
    </Filter>
    <Filter Include="헤더 파일">
      <UniqueIdentifier>{93995380-89BD-4b04-88EB-625FBE52EBFB}</UniqueIdentifier>
      <Extensions>h;hh;hpp;hxx;h++;hm;inl;inc;ipp;xsd</Extensions>
    </Filter>
    <Filter Include="리소스 파일">
      <UniqueIdentifier>{67DA6AB6-F800-4c08-8B7A-83BB121AAD01}</UniqueIdentifier>
      <Extensions>rc;ico;cur;bmp;dlg;rc2;rct;bin;rgs;gif;jpg;jpeg;jpe;resx;tiff;tif;png;wav;mfcribbon-ms</Extensions>
    </Filter>
  </ItemGroup>
  <ItemGroup>
    <ClCompile Include="HelloWorld.c">
      <Filter>소스 파일</Filter>
    </ClCompile>
    <ClCompile Include="Variation.c">
      <Filter>소스 파일</Filter>
    </ClCompile>
    <ClCompile Include="overflow.c">
      <Filter>소스 파일</Filter>
    </ClCompile>
    <ClCompile Include="2 Variable.c">
      <Filter>소스 파일</Filter>
    </ClCompile>
    <ClCompile Include="DataType.c">
      <Filter>소스 파일</Filter>
    </ClCompile>
    <ClCompile Include="int and char.c">
      <Filter>소스 파일</Filter>
    </ClCompile>
    <ClCompile Include="int changing.c">
      <Filter>소스 파일</Filter>
    </ClCompile>
    <ClCompile Include="Get Second.c">
      <Filter>소스 파일</Filter>
    </ClCompile>
    <ClCompile Include="plus plus.c">
      <Filter>소스 파일</Filter>
    </ClCompile>
    <ClCompile Include="Complicated.c">
      <Filter>소스 파일</Filter>
    </ClCompile>
    <ClCompile Include="Relation.c">
      <Filter>소스 파일</Filter>
    </ClCompile>
    <ClCompile Include="Logic.c">
      <Filter>소스 파일</Filter>
    </ClCompile>
    <ClCompile Include="condition.c">
      <Filter>소스 파일</Filter>
    </ClCompile>
    <ClCompile Include="multiple.c">
      <Filter>소스 파일</Filter>
    </ClCompile>
    <ClCompile Include="if abs.c">
      <Filter>소스 파일</Filter>
    </ClCompile>
    <ClCompile Include="Credit.c">
      <Filter>소스 파일</Filter>
    </ClCompile>
    <ClCompile Include="윤년 판독 프로그램.c">
      <Filter>소스 파일</Filter>
    </ClCompile>
    <ClCompile Include="1부터 1000까지의 합.c">
      <Filter>소스 파일</Filter>
    </ClCompile>
    <ClCompile Include="사각형출력하기.c">
      <Filter>소스 파일</Filter>
    </ClCompile>
    <ClCompile Include="피라미드 출력하기.c">
      <Filter>소스 파일</Filter>
    </ClCompile>
    <ClCompile Include="간단한 계산기 프로그램.c">
      <Filter>소스 파일</Filter>
    </ClCompile>
    <ClCompile Include="정해진 개수의 정수를 더하는 프로그램.c">
      <Filter>소스 파일</Filter>
    </ClCompile>
    <ClCompile Include="특정한 단의 구구단을 출력하는 프로그램.c">
      <Filter>소스 파일</Filter>
    </ClCompile>
    <ClCompile Include="시간 더하기 프로그램.c">
      <Filter>소스 파일</Filter>
    </ClCompile>
    <ClCompile Include="화폐의 개수를 가장 적게 주는 방법 프로그램.c">
      <Filter>소스 파일</Filter>
    </ClCompile>
    <ClCompile Include="1월 1일부터 현재날짜까지의 날짜차이를 구하기.c">
      <Filter>소스 파일</Filter>
    </ClCompile>
    <ClCompile Include="숫자 피라미드 출력하기.c">
      <Filter>소스 파일</Filter>
    </ClCompile>
    <ClCompile Include="특정한 문자열을 재귀함수반복 출력하기.c">
      <Filter>소스 파일</Filter>
    </ClCompile>
    <ClCompile Include="재귀함수로 조합 구현하기.c">
      <Filter>소스 파일</Filter>
    </ClCompile>
    <ClCompile Include="5개의 정수 중에서 최댓값과 최솟값의 위치를 출력해주는 프로그램.c">
      <Filter>소스 파일</Filter>
    </ClCompile>
    <ClCompile Include="5개의 정수 중에서 짝수 최댓값과 홀수 최댓값을 구하는 프로그램 .c">
      <Filter>소스 파일</Filter>
    </ClCompile>
    <ClCompile Include="구구단을 이용하여 이차원 배열을 출력하기.c">
      <Filter>소스 파일</Filter>
    </ClCompile>
    <ClCompile Include="학생 점수의 총합.c">
      <Filter>소스 파일</Filter>
    </ClCompile>
    <ClCompile Include="두 변수의 값을 서로 변환하기.c">
      <Filter>소스 파일</Filter>
    </ClCompile>
    <ClCompile Include="포인터 변수의 값을 바꾸어 보기.c">
      <Filter>소스 파일</Filter>
    </ClCompile>
    <ClCompile Include="하나의 문자열안의 글자수 세기.c">
      <Filter>소스 파일</Filter>
    </ClCompile>
    <ClCompile Include="strlen%28%29.c">
      <Filter>소스 파일</Filter>
    </ClCompile>
    <ClCompile Include="strcmp%28%29.c">
      <Filter>소스 파일</Filter>
    </ClCompile>
    <ClCompile Include="strcpy%28%29.c">
      <Filter>소스 파일</Filter>
    </ClCompile>
    <ClCompile Include="학생 정보 구조체.c">
      <Filter>소스 파일</Filter>
    </ClCompile>
    <ClCompile Include="학생정보 구조체 활용.c">
      <Filter>소스 파일</Filter>
    </ClCompile>
    <ClCompile Include="두 점 사이의 거리.c">
      <Filter>소스 파일</Filter>
    </ClCompile>
    <ClCompile Include="사각형의 넓이와 둘레를 구하는 프로그램.c">
      <Filter>소스 파일</Filter>
    </ClCompile>
    <ClCompile Include="구조체의 비교.c">
      <Filter>소스 파일</Filter>
    </ClCompile>
    <ClCompile Include="구조체 배열.c">
      <Filter>소스 파일</Filter>
    </ClCompile>
    <ClCompile Include="파일입출력.c">
      <Filter>소스 파일</Filter>
    </ClCompile>
    <ClCompile Include="텍스트 파일 읽기.c">
      <Filter>소스 파일</Filter>
    </ClCompile>
    <ClCompile Include="텍스트 파일 분석.c">
      <Filter>소스 파일</Filter>
    </ClCompile>
    <ClCompile Include="동적 메모리 기초 예제.c">
      <Filter>소스 파일</Filter>
    </ClCompile>
    <ClCompile Include="동적메모리로 알파벳 출력하기.c">
      <Filter>소스 파일</Filter>
    </ClCompile>
    <ClCompile Include="동적 메모리로 정수 5개 처리하기.c">
      <Filter>소스 파일</Filter>
    </ClCompile>
    <ClCompile Include="구조체 동적 메모리 할당.c">
      <Filter>소스 파일</Filter>
    </ClCompile>
    <ClCompile Include="동적 메모리 2차원 배열.c">
      <Filter>소스 파일</Filter>
    </ClCompile>
  </ItemGroup>
</Project>